# THIS IS AN AUTOGENERATED FILE. DO NOT EDIT THIS FILE DIRECTLY.
# yarn lockfile v1


bcrypt-node@^0.1.0:
  version "0.1.0"
  resolved "https://registry.yarnpkg.com/bcrypt-node/-/bcrypt-node-0.1.0.tgz#3a5dce435270a8442ad814e652aebea6837660b9"
  integrity sha512-m/JvM1mm+RON/SfdJREtHYTpJUAvP4Y7KO0DMGSgDAGgR3s9IyGL2NuLCUZHRUjqoDvReoyiGbFHAfyNE6mxwg==
